<Solution>
  <Folder Name="/src/">
    <Project Path="src/SoundAnchor.Core/SoundAnchor.Core.csproj" />
    <Project Path="src/SoundAnchor.Windows/SoundAnchor.Windows.csproj" />
    <Project Path="src/SoundAnchor.App/SoundAnchor.App.csproj" />
  </Folder>
  <Folder Name="/tests/">
    <Project Path="tests/SoundAnchor.Tests/SoundAnchor.Tests.csproj" />
    <Project Path="tests/SoundAnchor.UiTests/SoundAnchor.UiTests.csproj" />
    <Project Path="tests/SoundAnchor.HardwareProbe/SoundAnchor.HardwareProbe.csproj" />
  </Folder>
</Solution>
